
Microsoft Visual Studio Solution File, Format Version 12.00
# Visual Studio 15
VisualStudioVersion = 15.0.28010.2050
MinimumVisualStudioVersion = 10.0.40219.1
Project("{FAE04EC0-301F-11D3-BF4B-00C04F79EFBC}") = "xConnectDeployer", "xConnectDeployer\xConnectDeployer.csproj", "{9236BE71-392F-47BD-81CF-FE2C647D9DD9}"
EndProject
Global
	GlobalSection(SolutionConfigurationPlatforms) = preSolution
		Debug|Any CPU = Debug|Any CPU
		Release|Any CPU = Release|Any CPU
	EndGlobalSection
	GlobalSection(ProjectConfigurationPlatforms) = postSolution
		{9236BE71-392F-47BD-81CF-FE2C647D9DD9}.Debug|Any CPU.ActiveCfg = Debug|Any CPU
		{9236BE71-392F-47BD-81CF-FE2C647D9DD9}.Debug|Any CPU.Build.0 = Debug|Any CPU
		{9236BE71-392F-47BD-81CF-FE2C647D9DD9}.Release|Any CPU.ActiveCfg = Release|Any CPU
		{9236BE71-392F-47BD-81CF-FE2C647D9DD9}.Release|Any CPU.Build.0 = Release|Any CPU
	EndGlobalSection
	GlobalSection(SolutionProperties) = preSolution
		HideSolutionNode = FALSE
	EndGlobalSection
	GlobalSection(ExtensibilityGlobals) = postSolution
		SolutionGuid = {92703E48-248A-4074-A482-557E9A1AA016}
	EndGlobalSection
EndGlobal
